// !$*UTF8*$!
{
	archiveVersion = 1;
	classes = {
	};
	objectVersion = 46;
	objects = {

/* Begin PBXBuildFile section */
		1148516D1ED4A1E000DAA987 /* AppDelegate.swift in Sources */ = {isa = PBXBuildFile; fileRef = 1148516C1ED4A1E000DAA987 /* AppDelegate.swift */; };
		1148516F1ED4A1E000DAA987 /* MasterViewController.swift in Sources */ = {isa = PBXBuildFile; fileRef = 1148516E1ED4A1E000DAA987 /* MasterViewController.swift */; };
		114851741ED4A1E000DAA987 /* Assets.xcassets in Resources */ = {isa = PBXBuildFile; fileRef = 114851731ED4A1E000DAA987 /* Assets.xcassets */; };
		114851771ED4A1E000DAA987 /* LaunchScreen.storyboard in Resources */ = {isa = PBXBuildFile; fileRef = 114851751ED4A1E000DAA987 /* LaunchScreen.storyboard */; };
		1148517F1ED4A81C00DAA987 /* RootViewController.swift in Sources */ = {isa = PBXBuildFile; fileRef = 1148517E1ED4A81C00DAA987 /* RootViewController.swift */; };
		114851811ED4B1A400DAA987 /* LeftViewController.swift in Sources */ = {isa = PBXBuildFile; fileRef = 114851801ED4B1A400DAA987 /* LeftViewController.swift */; };
		114851831ED4B23100DAA987 /* RightViewController.swift in Sources */ = {isa = PBXBuildFile; fileRef = 114851821ED4B23100DAA987 /* RightViewController.swift */; };
/* End PBXBuildFile section */

/* Begin PBXFileReference section */
		114851691ED4A1E000DAA987 /* CustomNavigationController.app */ = {isa = PBXFileReference; explicitFileType = wrapper.application; includeInIndex = 0; path = CustomNavigationController.app; sourceTree = BUILT_PRODUCTS_DIR; };
		1148516C1ED4A1E000DAA987 /* AppDelegate.swift */ = {isa = PBXFileReference; lastKnownFileType = sourcecode.swift; path = AppDelegate.swift; sourceTree = "<group>"; };
		1148516E1ED4A1E000DAA987 /* MasterViewController.swift */ = {isa = PBXFileReference; lastKnownFileType = sourcecode.swift; path = MasterViewController.swift; sourceTree = "<group>"; };
		114851731ED4A1E000DAA987 /* Assets.xcassets */ = {isa = PBXFileReference; lastKnownFileType = folder.assetcatalog; path = Assets.xcassets; sourceTree = "<group>"; };
		114851761ED4A1E000DAA987 /* Base */ = {isa = PBXFileReference; lastKnownFileType = file.storyboard; name = Base; path = Base.lproj/LaunchScreen.storyboard; sourceTree = "<group>"; };
		114851781ED4A1E000DAA987 /* Info.plist */ = {isa = PBXFileReference; lastKnownFileType = text.plist.xml; path = Info.plist; sourceTree = "<group>"; };
		1148517E1ED4A81C00DAA987 /* RootViewController.swift */ = {isa = PBXFileReference; fileEncoding = 4; lastKnownFileType = sourcecode.swift; path = RootViewController.swift; sourceTree = "<group>"; };
		114851801ED4B1A400DAA987 /* LeftViewController.swift */ = {isa = PBXFileReference; fileEncoding = 4; lastKnownFileType = sourcecode.swift; path = LeftViewController.swift; sourceTree = "<group>"; };
		114851821ED4B23100DAA987 /* RightViewController.swift */ = {isa = PBXFileReference; fileEncoding = 4; lastKnownFileType = sourcecode.swift; path = RightViewController.swift; sourceTree = "<group>"; };
/* End PBXFileReference section */

/* Begin PBXFrameworksBuildPhase section */
		114851661ED4A1E000DAA987 /* Frameworks */ = {
			isa = PBXFrameworksBuildPhase;
			buildActionMask = 2147483647;
			files = (
			);
			runOnlyForDeploymentPostprocessing = 0;
		};
/* End PBXFrameworksBuildPhase section */

/* Begin PBXGroup section */
		114851601ED4A1E000DAA987 = {
			isa = PBXGroup;
			children = (
				1148516B1ED4A1E000DAA987 /* CustomNavigationController */,
				1148516A1ED4A1E000DAA987 /* Products */,
			);
			sourceTree = "<group>";
		};
		1148516A1ED4A1E000DAA987 /* Products */ = {
			isa = PBXGroup;
			children = (
				114851691ED4A1E000DAA987 /* CustomNavigationController.app */,
			);
			name = Products;
			sourceTree = "<group>";
		};
		1148516B1ED4A1E000DAA987 /* CustomNavigationController */ = {
			isa = PBXGroup;
			children = (
				1148516C1ED4A1E000DAA987 /* AppDelegate.swift */,
				1148516E1ED4A1E000DAA987 /* MasterViewController.swift */,
				1148517E1ED4A81C00DAA987 /* RootViewController.swift */,
				114851801ED4B1A400DAA987 /* LeftViewController.swift */,
				114851821ED4B23100DAA987 /* RightViewController.swift */,
				114851731ED4A1E000DAA987 /* Assets.xcassets */,
				114851751ED4A1E000DAA987 /* LaunchScreen.storyboard */,
				114851781ED4A1E000DAA987 /* Info.plist */,
			);
			path = CustomNavigationController;
			sourceTree = "<group>";
		};
/* End PBXGroup section */

/* Begin PBXNativeTarget section */
		114851681ED4A1E000DAA987 /* CustomNavigationController */ = {
			isa = PBXNativeTarget;
			buildConfigurationList = 1148517B1ED4A1E000DAA987 /* Build configuration list for PBXNativeTarget "CustomNavigationController" */;
			buildPhases = (
				114851651ED4A1E000DAA987 /* Sources */,
				114851661ED4A1E000DAA987 /* Frameworks */,
				114851671ED4A1E000DAA987 /* Resources */,
			);
			buildRules = (
			);
			dependencies = (
			);
			name = CustomNavigationController;
			productName = CustomNavigationController;
			productReference = 114851691ED4A1E000DAA987 /* CustomNavigationController.app */;
			productType = "com.apple.product-type.application";
		};
/* End PBXNativeTarget section */

/* Begin PBXProject section */
		114851611ED4A1E000DAA987 /* Project object */ = {
			isa = PBXProject;
			attributes = {
				LastSwiftUpdateCheck = 0830;
				LastUpgradeCheck = 0830;
				ORGANIZATIONNAME = Dougly;
				TargetAttributes = {
					114851681ED4A1E000DAA987 = {
						CreatedOnToolsVersion = 8.3;
						DevelopmentTeam = RL4R32J4H9;
						ProvisioningStyle = Automatic;
					};
				};
			};
			buildConfigurationList = 114851641ED4A1E000DAA987 /* Build configuration list for PBXProject "CustomNavigationController" */;
			compatibilityVersion = "Xcode 3.2";
			developmentRegion = English;
			hasScannedForEncodings = 0;
			knownRegions = (
				en,
				Base,
			);
			mainGroup = 114851601ED4A1E000DAA987;
			productRefGroup = 1148516A1ED4A1E000DAA987 /* Products */;
			projectDirPath = "";
			projectRoot = "";
			targets = (
				114851681ED4A1E000DAA987 /* CustomNavigationController */,
			);
		};
/* End PBXProject section */

/* Begin PBXResourcesBuildPhase section */
		114851671ED4A1E000DAA987 /* Resources */ = {
			isa = PBXResourcesBuildPhase;
			buildActionMask = 2147483647;
			files = (
				114851771ED4A1E000DAA987 /* LaunchScreen.storyboard in Resources */,
				114851741ED4A1E000DAA987 /* Assets.xcassets in Resources */,
			);
			runOnlyForDeploymentPostprocessing = 0;
		};
/* End PBXResourcesBuildPhase section */

/* Begin PBXSourcesBuildPhase section */
		114851651ED4A1E000DAA987 /* Sources */ = {
			isa = PBXSourcesBuildPhase;
			buildActionMask = 2147483647;
			files = (
				1148516F1ED4A1E000DAA987 /* MasterViewController.swift in Sources */,
				114851811ED4B1A400DAA987 /* LeftViewController.swift in Sources */,
				114851831ED4B23100DAA987 /* RightViewController.swift in Sources */,
				1148516D1ED4A1E000DAA987 /* AppDelegate.swift in Sources */,
				1148517F1ED4A81C00DAA987 /* RootViewController.swift in Sources */,
			);
			runOnlyForDeploymentPostprocessing = 0;
		};
/* End PBXSourcesBuildPhase section */

/* Begin PBXVariantGroup section */
		114851751ED4A1E000DAA987 /* LaunchScreen.storyboard */ = {
			isa = PBXVariantGroup;
			children = (
				114851761ED4A1E000DAA987 /* Base */,
			);
			name = LaunchScreen.storyboard;
			sourceTree = "<group>";
		};
/* End PBXVariantGroup section */

/* Begin XCBuildConfiguration section */
		114851791ED4A1E000DAA987 /* Debug */ = {
			isa = XCBuildConfiguration;
			buildSettings = {
				ALWAYS_SEARCH_USER_PATHS = NO;
				CLANG_ANALYZER_NONNULL = YES;
				CLANG_ANALYZER_NUMBER_OBJECT_CONVERSION = YES_AGGRESSIVE;
				CLANG_CXX_LANGUAGE_STANDARD = "gnu++0x";
				CLANG_CXX_LIBRARY = "libc++";
				CLANG_ENABLE_MODULES = YES;
				CLANG_ENABLE_OBJC_ARC = YES;
				CLANG_WARN_BOOL_CONVERSION = YES;
				CLANG_WARN_CONSTANT_CONVERSION = YES;
				CLANG_WARN_DIRECT_OBJC_ISA_USAGE = YES_ERROR;
				CLANG_WARN_DOCUMENTATION_COMMENTS = YES;
				CLANG_WARN_EMPTY_BODY = YES;
				CLANG_WARN_ENUM_CONVERSION = YES;
				CLANG_WARN_INFINITE_RECURSION = YES;
				CLANG_WARN_INT_CONVERSION = YES;
				CLANG_WARN_OBJC_ROOT_CLASS = YES_ERROR;
				CLANG_WARN_SUSPICIOUS_MOVE = YES;
				CLANG_WARN_UNREACHABLE_CODE = YES;
				CLANG_WARN__DUPLICATE_METHOD_MATCH = YES;
				"CODE_SIGN_IDENTITY[sdk=iphoneos*]" = "iPhone Developer";
				COPY_PHASE_STRIP = NO;
				DEBUG_INFORMATION_FORMAT = dwarf;
				ENABLE_STRICT_OBJC_MSGSEND = YES;
				ENABLE_TESTABILITY = YES;
				GCC_C_LANGUAGE_STANDARD = gnu99;
				GCC_DYNAMIC_NO_PIC = NO;
				GCC_NO_COMMON_BLOCKS = YES;
				GCC_OPTIMIZATION_LEVEL = 0;
				GCC_PREPROCESSOR_DEFINITIONS = (
					"DEBUG=1",
					"$(inherited)",
				);
				GCC_WARN_64_TO_32_BIT_CONVERSION = YES;
				GCC_WARN_ABOUT_RETURN_TYPE = YES_ERROR;
				GCC_WARN_UNDECLARED_SELECTOR = YES;
				GCC_WARN_UNINITIALIZED_AUTOS = YES_AGGRESSIVE;
				GCC_WARN_UNUSED_FUNCTION = YES;
				GCC_WARN_UNUSED_VARIABLE = YES;
				IPHONEOS_DEPLOYMENT_TARGET = 10.3;
				MTL_ENABLE_DEBUG_INFO = YES;
				ONLY_ACTIVE_ARCH = YES;
				SDKROOT = iphoneos;
				SWIFT_ACTIVE_COMPILATION_CONDITIONS = DEBUG;
				SWIFT_OPTIMIZATION_LEVEL = "-Onone";
				TARGETED_DEVICE_FAMILY = "1,2";
			};
			name = Debug;
		};
		1148517A1ED4A1E000DAA987 /* Release */ = {
			isa = XCBuildConfiguration;
			buildSettings = {
				ALWAYS_SEARCH_USER_PATHS = NO;
				CLANG_ANALYZER_NONNULL = YES;
				CLANG_ANALYZER_NUMBER_OBJECT_CONVERSION = YES_AGGRESSIVE;
				CLANG_CXX_LANGUAGE_STANDARD = "gnu++0x";
				CLANG_CXX_LIBRARY = "libc++";
				CLANG_ENABLE_MODULES = YES;
				CLANG_ENABLE_OBJC_ARC = YES;
				CLANG_WARN_BOOL_CONVERSION = YES;
				CLANG_WARN_CONSTANT_CONVERSION = YES;
				CLANG_WARN_DIRECT_OBJC_ISA_USAGE = YES_ERROR;
				CLANG_WARN_DOCUMENTATION_COMMENTS = YES;
				CLANG_WARN_EMPTY_BODY = YES;
				CLANG_WARN_ENUM_CONVERSION = YES;
				CLANG_WARN_INFINITE_RECURSION = YES;
				CLANG_WARN_INT_CONVERSION = YES;
				CLANG_WARN_OBJC_ROOT_CLASS = YES_ERROR;
				CLANG_WARN_SUSPICIOUS_MOVE = YES;
				CLANG_WARN_UNREACHABLE_CODE = YES;
				CLANG_WARN__DUPLICATE_METHOD_MATCH = YES;
				"CODE_SIGN_IDENTITY[sdk=iphoneos*]" = "iPhone Developer";
				COPY_PHASE_STRIP = NO;
				DEBUG_INFORMATION_FORMAT = "dwarf-with-dsym";
				ENABLE_NS_ASSERTIONS = NO;
				ENABLE_STRICT_OBJC_MSGSEND = YES;
				GCC_C_LANGUAGE_STANDARD = gnu99;
				GCC_NO_COMMON_BLOCKS = YES;
				GCC_WARN_64_TO_32_BIT_CONVERSION = YES;
				GCC_WARN_ABOUT_RETURN_TYPE = YES_ERROR;
				GCC_WARN_UNDECLARED_SELECTOR = YES;
				GCC_WARN_UNINITIALIZED_AUTOS = YES_AGGRESSIVE;
				GCC_WARN_UNUSED_FUNCTION = YES;
				GCC_WARN_UNUSED_VARIABLE = YES;
				IPHONEOS_DEPLOYMENT_TARGET = 10.3;
				MTL_ENABLE_DEBUG_INFO = NO;
				SDKROOT = iphoneos;
				SWIFT_OPTIMIZATION_LEVEL = "-Owholemodule";
				TARGETED_DEVICE_FAMILY = "1,2";
				VALIDATE_PRODUCT = YES;
			};
			name = Release;
		};
		1148517C1ED4A1E000DAA987 /* Debug */ = {
			isa = XCBuildConfiguration;
			buildSettings = {
				ASSETCATALOG_COMPILER_APPICON_NAME = AppIcon;
				DEVELOPMENT_TEAM = RL4R32J4H9;
				INFOPLIST_FILE = CustomNavigationController/Info.plist;
				LD_RUNPATH_SEARCH_PATHS = "$(inherited) @executable_path/Frameworks";
				PRODUCT_BUNDLE_IDENTIFIER = com.dougly.CustomNavigationController;
				PRODUCT_NAME = "$(TARGET_NAME)";
				SWIFT_VERSION = 3.0;
			};
			name = Debug;
		};
		1148517D1ED4A1E000DAA987 /* Release */ = {
			isa = XCBuildConfiguration;
			buildSettings = {
				ASSETCATALOG_COMPILER_APPICON_NAME = AppIcon;
				DEVELOPMENT_TEAM = RL4R32J4H9;
				INFOPLIST_FILE = CustomNavigationController/Info.plist;
				LD_RUNPATH_SEARCH_PATHS = "$(inherited) @executable_path/Frameworks";
				PRODUCT_BUNDLE_IDENTIFIER = com.dougly.CustomNavigationController;
				PRODUCT_NAME = "$(TARGET_NAME)";
				SWIFT_VERSION = 3.0;
			};
			name = Release;
		};
/* End XCBuildConfiguration section */

/* Begin XCConfigurationList section */
		114851641ED4A1E000DAA987 /* Build configuration list for PBXProject "CustomNavigationController" */ = {
			isa = XCConfigurationList;
			buildConfigurations = (
				114851791ED4A1E000DAA987 /* Debug */,
				1148517A1ED4A1E000DAA987 /* Release */,
			);
			defaultConfigurationIsVisible = 0;
			defaultConfigurationName = Release;
		};
		1148517B1ED4A1E000DAA987 /* Build configuration list for PBXNativeTarget "CustomNavigationController" */ = {
			isa = XCConfigurationList;
			buildConfigurations = (
				1148517C1ED4A1E000DAA987 /* Debug */,
				1148517D1ED4A1E000DAA987 /* Release */,
			);
			defaultConfigurationIsVisible = 0;
			defaultConfigurationName = Release;
		};
/* End XCConfigurationList section */
	};
	rootObject = 114851611ED4A1E000DAA987 /* Project object */;
}
